
Microsoft Visual Studio Solution File, Format Version 12.00
# Visual Studio 2013
VisualStudioVersion = 12.0.21005.1
MinimumVisualStudioVersion = 10.0.40219.1
Project("{FAE04EC0-301F-11D3-BF4B-00C04F79EFBC}") = "FactoryMehtodTest", "FactoryMehtodTest\FactoryMehtodTest.csproj", "{52E03FC6-24DA-4D39-B62D-67754A68F459}"
EndProject
Project("{F088123C-0E9E-452A-89E6-6BA2F21D5CAC}") = "UMLTest", "UMLTest\UMLTest.modelproj", "{DEEA77D9-C33E-4A72-96AE-6513D1C459DB}"
EndProject
Project("{FAE04EC0-301F-11D3-BF4B-00C04F79EFBC}") = "UMLTestLib", "UMLTestLib\UMLTestLib.csproj", "{2AF74FBA-019E-4BFD-88C2-2722ACCACFF9}"
EndProject
Global
	GlobalSection(SolutionConfigurationPlatforms) = preSolution
		Debug|Any CPU = Debug|Any CPU
		Release|Any CPU = Release|Any CPU
	EndGlobalSection
	GlobalSection(ProjectConfigurationPlatforms) = postSolution
		{52E03FC6-24DA-4D39-B62D-67754A68F459}.Debug|Any CPU.ActiveCfg = Debug|Any CPU
		{52E03FC6-24DA-4D39-B62D-67754A68F459}.Debug|Any CPU.Build.0 = Debug|Any CPU
		{52E03FC6-24DA-4D39-B62D-67754A68F459}.Release|Any CPU.ActiveCfg = Release|Any CPU
		{52E03FC6-24DA-4D39-B62D-67754A68F459}.Release|Any CPU.Build.0 = Release|Any CPU
		{DEEA77D9-C33E-4A72-96AE-6513D1C459DB}.Debug|Any CPU.ActiveCfg = Debug|Any CPU
		{DEEA77D9-C33E-4A72-96AE-6513D1C459DB}.Debug|Any CPU.Build.0 = Debug|Any CPU
		{DEEA77D9-C33E-4A72-96AE-6513D1C459DB}.Release|Any CPU.ActiveCfg = Release|Any CPU
		{DEEA77D9-C33E-4A72-96AE-6513D1C459DB}.Release|Any CPU.Build.0 = Release|Any CPU
		{2AF74FBA-019E-4BFD-88C2-2722ACCACFF9}.Debug|Any CPU.ActiveCfg = Debug|Any CPU
		{2AF74FBA-019E-4BFD-88C2-2722ACCACFF9}.Debug|Any CPU.Build.0 = Debug|Any CPU
		{2AF74FBA-019E-4BFD-88C2-2722ACCACFF9}.Release|Any CPU.ActiveCfg = Release|Any CPU
		{2AF74FBA-019E-4BFD-88C2-2722ACCACFF9}.Release|Any CPU.Build.0 = Release|Any CPU
	EndGlobalSection
	GlobalSection(SolutionProperties) = preSolution
		HideSolutionNode = FALSE
	EndGlobalSection
EndGlobal
